// !$*UTF8*$!
{
	archiveVersion = 1;
	classes = {
	};
	objectVersion = 46;
	objects = {

/* Begin PBXBuildFile section */
		735C95FB1D4E801B00E077CE /* AppDelegate.swift in Sources */ = {isa = PBXBuildFile; fileRef = 735C95FA1D4E801B00E077CE /* AppDelegate.swift */; };
		735C95FD1D4E801B00E077CE /* ViewController.swift in Sources */ = {isa = PBXBuildFile; fileRef = 735C95FC1D4E801B00E077CE /* ViewController.swift */; };
		735C96001D4E801B00E077CE /* Main.storyboard in Resources */ = {isa = PBXBuildFile; fileRef = 735C95FE1D4E801B00E077CE /* Main.storyboard */; };
		735C96021D4E801B00E077CE /* Assets.xcassets in Resources */ = {isa = PBXBuildFile; fileRef = 735C96011D4E801B00E077CE /* Assets.xcassets */; };
		735C96051D4E801B00E077CE /* LaunchScreen.storyboard in Resources */ = {isa = PBXBuildFile; fileRef = 735C96031D4E801B00E077CE /* LaunchScreen.storyboard */; };
		735C960D1D4E827B00E077CE /* ViewController2.swift in Sources */ = {isa = PBXBuildFile; fileRef = 735C960C1D4E827B00E077CE /* ViewController2.swift */; };
		735C96151D4F6E3600E077CE /* 1.png in Resources */ = {isa = PBXBuildFile; fileRef = 735C960E1D4F6E3600E077CE /* 1.png */; };
		735C96161D4F6E3600E077CE /* 2.png in Resources */ = {isa = PBXBuildFile; fileRef = 735C960F1D4F6E3600E077CE /* 2.png */; };
		735C96171D4F6E3600E077CE /* 3.png in Resources */ = {isa = PBXBuildFile; fileRef = 735C96101D4F6E3600E077CE /* 3.png */; };
		735C96181D4F6E3600E077CE /* 4.png in Resources */ = {isa = PBXBuildFile; fileRef = 735C96111D4F6E3600E077CE /* 4.png */; };
		735C96191D4F6E3600E077CE /* 5.png in Resources */ = {isa = PBXBuildFile; fileRef = 735C96121D4F6E3600E077CE /* 5.png */; };
		735C961A1D4F6E3600E077CE /* 6.jpg in Resources */ = {isa = PBXBuildFile; fileRef = 735C96131D4F6E3600E077CE /* 6.jpg */; };
		735C961B1D4F6E3600E077CE /* map.png in Resources */ = {isa = PBXBuildFile; fileRef = 735C96141D4F6E3600E077CE /* map.png */; };
		735C96221D4F945700E077CE /* jigglypuff.png in Resources */ = {isa = PBXBuildFile; fileRef = 735C96201D4F945700E077CE /* jigglypuff.png */; };
		735C96231D4F945700E077CE /* pikachu.png in Resources */ = {isa = PBXBuildFile; fileRef = 735C96211D4F945700E077CE /* pikachu.png */; };
/* End PBXBuildFile section */

/* Begin PBXFileReference section */
		735C95F71D4E801B00E077CE /* MyFirstGame.app */ = {isa = PBXFileReference; explicitFileType = wrapper.application; includeInIndex = 0; path = MyFirstGame.app; sourceTree = BUILT_PRODUCTS_DIR; };
		735C95FA1D4E801B00E077CE /* AppDelegate.swift */ = {isa = PBXFileReference; lastKnownFileType = sourcecode.swift; path = AppDelegate.swift; sourceTree = "<group>"; };
		735C95FC1D4E801B00E077CE /* ViewController.swift */ = {isa = PBXFileReference; lastKnownFileType = sourcecode.swift; path = ViewController.swift; sourceTree = "<group>"; };
		735C95FF1D4E801B00E077CE /* Base */ = {isa = PBXFileReference; lastKnownFileType = file.storyboard; name = Base; path = Base.lproj/Main.storyboard; sourceTree = "<group>"; };
		735C96011D4E801B00E077CE /* Assets.xcassets */ = {isa = PBXFileReference; lastKnownFileType = folder.assetcatalog; path = Assets.xcassets; sourceTree = "<group>"; };
		735C96041D4E801B00E077CE /* Base */ = {isa = PBXFileReference; lastKnownFileType = file.storyboard; name = Base; path = Base.lproj/LaunchScreen.storyboard; sourceTree = "<group>"; };
		735C96061D4E801B00E077CE /* Info.plist */ = {isa = PBXFileReference; lastKnownFileType = text.plist.xml; path = Info.plist; sourceTree = "<group>"; };
		735C960C1D4E827B00E077CE /* ViewController2.swift */ = {isa = PBXFileReference; fileEncoding = 4; lastKnownFileType = sourcecode.swift; name = ViewController2.swift; path = ../ViewController2.swift; sourceTree = "<group>"; };
		735C960E1D4F6E3600E077CE /* 1.png */ = {isa = PBXFileReference; lastKnownFileType = image.png; path = 1.png; sourceTree = "<group>"; };
		735C960F1D4F6E3600E077CE /* 2.png */ = {isa = PBXFileReference; lastKnownFileType = image.png; path = 2.png; sourceTree = "<group>"; };
		735C96101D4F6E3600E077CE /* 3.png */ = {isa = PBXFileReference; lastKnownFileType = image.png; path = 3.png; sourceTree = "<group>"; };
		735C96111D4F6E3600E077CE /* 4.png */ = {isa = PBXFileReference; lastKnownFileType = image.png; path = 4.png; sourceTree = "<group>"; };
		735C96121D4F6E3600E077CE /* 5.png */ = {isa = PBXFileReference; lastKnownFileType = image.png; path = 5.png; sourceTree = "<group>"; };
		735C96131D4F6E3600E077CE /* 6.jpg */ = {isa = PBXFileReference; lastKnownFileType = image.jpeg; path = 6.jpg; sourceTree = "<group>"; };
		735C96141D4F6E3600E077CE /* map.png */ = {isa = PBXFileReference; lastKnownFileType = image.png; path = map.png; sourceTree = "<group>"; };
		735C96201D4F945700E077CE /* jigglypuff.png */ = {isa = PBXFileReference; lastKnownFileType = image.png; path = jigglypuff.png; sourceTree = "<group>"; };
		735C96211D4F945700E077CE /* pikachu.png */ = {isa = PBXFileReference; lastKnownFileType = image.png; path = pikachu.png; sourceTree = "<group>"; };
/* End PBXFileReference section */

/* Begin PBXFrameworksBuildPhase section */
		735C95F41D4E801B00E077CE /* Frameworks */ = {
			isa = PBXFrameworksBuildPhase;
			buildActionMask = 2147483647;
			files = (
			);
			runOnlyForDeploymentPostprocessing = 0;
		};
/* End PBXFrameworksBuildPhase section */

/* Begin PBXGroup section */
		735C95EE1D4E801B00E077CE = {
			isa = PBXGroup;
			children = (
				735C95F91D4E801B00E077CE /* MyFirstGame */,
				735C95F81D4E801B00E077CE /* Products */,
			);
			sourceTree = "<group>";
		};
		735C95F81D4E801B00E077CE /* Products */ = {
			isa = PBXGroup;
			children = (
				735C95F71D4E801B00E077CE /* MyFirstGame.app */,
			);
			name = Products;
			sourceTree = "<group>";
		};
		735C95F91D4E801B00E077CE /* MyFirstGame */ = {
			isa = PBXGroup;
			children = (
				735C95FA1D4E801B00E077CE /* AppDelegate.swift */,
				735C95FC1D4E801B00E077CE /* ViewController.swift */,
				735C960C1D4E827B00E077CE /* ViewController2.swift */,
				735C95FE1D4E801B00E077CE /* Main.storyboard */,
				735C96011D4E801B00E077CE /* Assets.xcassets */,
				735C96031D4E801B00E077CE /* LaunchScreen.storyboard */,
				735C96061D4E801B00E077CE /* Info.plist */,
				735C960E1D4F6E3600E077CE /* 1.png */,
				735C960F1D4F6E3600E077CE /* 2.png */,
				735C96101D4F6E3600E077CE /* 3.png */,
				735C96111D4F6E3600E077CE /* 4.png */,
				735C96121D4F6E3600E077CE /* 5.png */,
				735C96131D4F6E3600E077CE /* 6.jpg */,
				735C96141D4F6E3600E077CE /* map.png */,
				735C96201D4F945700E077CE /* jigglypuff.png */,
				735C96211D4F945700E077CE /* pikachu.png */,
			);
			path = MyFirstGame;
			sourceTree = "<group>";
		};
/* End PBXGroup section */

/* Begin PBXNativeTarget section */
		735C95F61D4E801B00E077CE /* MyFirstGame */ = {
			isa = PBXNativeTarget;
			buildConfigurationList = 735C96091D4E801B00E077CE /* Build configuration list for PBXNativeTarget "MyFirstGame" */;
			buildPhases = (
				735C95F31D4E801B00E077CE /* Sources */,
				735C95F41D4E801B00E077CE /* Frameworks */,
				735C95F51D4E801B00E077CE /* Resources */,
			);
			buildRules = (
			);
			dependencies = (
			);
			name = MyFirstGame;
			productName = MyFirstGame;
			productReference = 735C95F71D4E801B00E077CE /* MyFirstGame.app */;
			productType = "com.apple.product-type.application";
		};
/* End PBXNativeTarget section */

/* Begin PBXProject section */
		735C95EF1D4E801B00E077CE /* Project object */ = {
			isa = PBXProject;
			attributes = {
				LastSwiftUpdateCheck = 0730;
				LastUpgradeCheck = 0730;
				ORGANIZATIONNAME = "Tanya Tomchuk";
				TargetAttributes = {
					735C95F61D4E801B00E077CE = {
						CreatedOnToolsVersion = 7.3.1;
					};
				};
			};
			buildConfigurationList = 735C95F21D4E801B00E077CE /* Build configuration list for PBXProject "MyFirstGame" */;
			compatibilityVersion = "Xcode 3.2";
			developmentRegion = English;
			hasScannedForEncodings = 0;
			knownRegions = (
				en,
				Base,
			);
			mainGroup = 735C95EE1D4E801B00E077CE;
			productRefGroup = 735C95F81D4E801B00E077CE /* Products */;
			projectDirPath = "";
			projectRoot = "";
			targets = (
				735C95F61D4E801B00E077CE /* MyFirstGame */,
			);
		};
/* End PBXProject section */

/* Begin PBXResourcesBuildPhase section */
		735C95F51D4E801B00E077CE /* Resources */ = {
			isa = PBXResourcesBuildPhase;
			buildActionMask = 2147483647;
			files = (
				735C961A1D4F6E3600E077CE /* 6.jpg in Resources */,
				735C96221D4F945700E077CE /* jigglypuff.png in Resources */,
				735C96051D4E801B00E077CE /* LaunchScreen.storyboard in Resources */,
				735C96181D4F6E3600E077CE /* 4.png in Resources */,
				735C96151D4F6E3600E077CE /* 1.png in Resources */,
				735C961B1D4F6E3600E077CE /* map.png in Resources */,
				735C96161D4F6E3600E077CE /* 2.png in Resources */,
				735C96171D4F6E3600E077CE /* 3.png in Resources */,
				735C96191D4F6E3600E077CE /* 5.png in Resources */,
				735C96231D4F945700E077CE /* pikachu.png in Resources */,
				735C96021D4E801B00E077CE /* Assets.xcassets in Resources */,
				735C96001D4E801B00E077CE /* Main.storyboard in Resources */,
			);
			runOnlyForDeploymentPostprocessing = 0;
		};
/* End PBXResourcesBuildPhase section */

/* Begin PBXSourcesBuildPhase section */
		735C95F31D4E801B00E077CE /* Sources */ = {
			isa = PBXSourcesBuildPhase;
			buildActionMask = 2147483647;
			files = (
				735C95FD1D4E801B00E077CE /* ViewController.swift in Sources */,
				735C95FB1D4E801B00E077CE /* AppDelegate.swift in Sources */,
				735C960D1D4E827B00E077CE /* ViewController2.swift in Sources */,
			);
			runOnlyForDeploymentPostprocessing = 0;
		};
/* End PBXSourcesBuildPhase section */

/* Begin PBXVariantGroup section */
		735C95FE1D4E801B00E077CE /* Main.storyboard */ = {
			isa = PBXVariantGroup;
			children = (
				735C95FF1D4E801B00E077CE /* Base */,
			);
			name = Main.storyboard;
			sourceTree = "<group>";
		};
		735C96031D4E801B00E077CE /* LaunchScreen.storyboard */ = {
			isa = PBXVariantGroup;
			children = (
				735C96041D4E801B00E077CE /* Base */,
			);
			name = LaunchScreen.storyboard;
			sourceTree = "<group>";
		};
/* End PBXVariantGroup section */

/* Begin XCBuildConfiguration section */
		735C96071D4E801B00E077CE /* Debug */ = {
			isa = XCBuildConfiguration;
			buildSettings = {
				ALWAYS_SEARCH_USER_PATHS = NO;
				CLANG_ANALYZER_NONNULL = YES;
				CLANG_CXX_LANGUAGE_STANDARD = "gnu++0x";
				CLANG_CXX_LIBRARY = "libc++";
				CLANG_ENABLE_MODULES = YES;
				CLANG_ENABLE_OBJC_ARC = YES;
				CLANG_WARN_BOOL_CONVERSION = YES;
				CLANG_WARN_CONSTANT_CONVERSION = YES;
				CLANG_WARN_DIRECT_OBJC_ISA_USAGE = YES_ERROR;
				CLANG_WARN_EMPTY_BODY = YES;
				CLANG_WARN_ENUM_CONVERSION = YES;
				CLANG_WARN_INT_CONVERSION = YES;
				CLANG_WARN_OBJC_ROOT_CLASS = YES_ERROR;
				CLANG_WARN_UNREACHABLE_CODE = YES;
				CLANG_WARN__DUPLICATE_METHOD_MATCH = YES;
				"CODE_SIGN_IDENTITY[sdk=iphoneos*]" = "iPhone Developer";
				COPY_PHASE_STRIP = NO;
				DEBUG_INFORMATION_FORMAT = dwarf;
				ENABLE_STRICT_OBJC_MSGSEND = YES;
				ENABLE_TESTABILITY = YES;
				GCC_C_LANGUAGE_STANDARD = gnu99;
				GCC_DYNAMIC_NO_PIC = NO;
				GCC_NO_COMMON_BLOCKS = YES;
				GCC_OPTIMIZATION_LEVEL = 0;
				GCC_PREPROCESSOR_DEFINITIONS = (
					"DEBUG=1",
					"$(inherited)",
				);
				GCC_WARN_64_TO_32_BIT_CONVERSION = YES;
				GCC_WARN_ABOUT_RETURN_TYPE = YES_ERROR;
				GCC_WARN_UNDECLARED_SELECTOR = YES;
				GCC_WARN_UNINITIALIZED_AUTOS = YES_AGGRESSIVE;
				GCC_WARN_UNUSED_FUNCTION = YES;
				GCC_WARN_UNUSED_VARIABLE = YES;
				IPHONEOS_DEPLOYMENT_TARGET = 9.3;
				MTL_ENABLE_DEBUG_INFO = YES;
				ONLY_ACTIVE_ARCH = YES;
				SDKROOT = iphoneos;
				SWIFT_OPTIMIZATION_LEVEL = "-Onone";
			};
			name = Debug;
		};
		735C96081D4E801B00E077CE /* Release */ = {
			isa = XCBuildConfiguration;
			buildSettings = {
				ALWAYS_SEARCH_USER_PATHS = NO;
				CLANG_ANALYZER_NONNULL = YES;
				CLANG_CXX_LANGUAGE_STANDARD = "gnu++0x";
				CLANG_CXX_LIBRARY = "libc++";
				CLANG_ENABLE_MODULES = YES;
				CLANG_ENABLE_OBJC_ARC = YES;
				CLANG_WARN_BOOL_CONVERSION = YES;
				CLANG_WARN_CONSTANT_CONVERSION = YES;
				CLANG_WARN_DIRECT_OBJC_ISA_USAGE = YES_ERROR;
				CLANG_WARN_EMPTY_BODY = YES;
				CLANG_WARN_ENUM_CONVERSION = YES;
				CLANG_WARN_INT_CONVERSION = YES;
				CLANG_WARN_OBJC_ROOT_CLASS = YES_ERROR;
				CLANG_WARN_UNREACHABLE_CODE = YES;
				CLANG_WARN__DUPLICATE_METHOD_MATCH = YES;
				"CODE_SIGN_IDENTITY[sdk=iphoneos*]" = "iPhone Developer";
				COPY_PHASE_STRIP = NO;
				DEBUG_INFORMATION_FORMAT = "dwarf-with-dsym";
				ENABLE_NS_ASSERTIONS = NO;
				ENABLE_STRICT_OBJC_MSGSEND = YES;
				GCC_C_LANGUAGE_STANDARD = gnu99;
				GCC_NO_COMMON_BLOCKS = YES;
				GCC_WARN_64_TO_32_BIT_CONVERSION = YES;
				GCC_WARN_ABOUT_RETURN_TYPE = YES_ERROR;
				GCC_WARN_UNDECLARED_SELECTOR = YES;
				GCC_WARN_UNINITIALIZED_AUTOS = YES_AGGRESSIVE;
				GCC_WARN_UNUSED_FUNCTION = YES;
				GCC_WARN_UNUSED_VARIABLE = YES;
				IPHONEOS_DEPLOYMENT_TARGET = 9.3;
				MTL_ENABLE_DEBUG_INFO = NO;
				SDKROOT = iphoneos;
				VALIDATE_PRODUCT = YES;
			};
			name = Release;
		};
		735C960A1D4E801B00E077CE /* Debug */ = {
			isa = XCBuildConfiguration;
			buildSettings = {
				ASSETCATALOG_COMPILER_APPICON_NAME = AppIcon;
				INFOPLIST_FILE = MyFirstGame/Info.plist;
				LD_RUNPATH_SEARCH_PATHS = "$(inherited) @executable_path/Frameworks";
				PRODUCT_BUNDLE_IDENTIFIER = ege2.MyFirstGame;
				PRODUCT_NAME = "$(TARGET_NAME)";
			};
			name = Debug;
		};
		735C960B1D4E801B00E077CE /* Release */ = {
			isa = XCBuildConfiguration;
			buildSettings = {
				ASSETCATALOG_COMPILER_APPICON_NAME = AppIcon;
				INFOPLIST_FILE = MyFirstGame/Info.plist;
				LD_RUNPATH_SEARCH_PATHS = "$(inherited) @executable_path/Frameworks";
				PRODUCT_BUNDLE_IDENTIFIER = ege2.MyFirstGame;
				PRODUCT_NAME = "$(TARGET_NAME)";
			};
			name = Release;
		};
/* End XCBuildConfiguration section */

/* Begin XCConfigurationList section */
		735C95F21D4E801B00E077CE /* Build configuration list for PBXProject "MyFirstGame" */ = {
			isa = XCConfigurationList;
			buildConfigurations = (
				735C96071D4E801B00E077CE /* Debug */,
				735C96081D4E801B00E077CE /* Release */,
			);
			defaultConfigurationIsVisible = 0;
			defaultConfigurationName = Release;
		};
		735C96091D4E801B00E077CE /* Build configuration list for PBXNativeTarget "MyFirstGame" */ = {
			isa = XCConfigurationList;
			buildConfigurations = (
				735C960A1D4E801B00E077CE /* Debug */,
				735C960B1D4E801B00E077CE /* Release */,
			);
			defaultConfigurationIsVisible = 0;
		};
/* End XCConfigurationList section */
	};
	rootObject = 735C95EF1D4E801B00E077CE /* Project object */;
}
